// !$*UTF8*$!
{
	archiveVersion = 1;
	classes = {
	};
	objectVersion = 52;
	objects = {

/* Begin PBXBuildFile section */
		8A4877A926C69E7E00673989 /* AppDelegate.swift in Sources */ = {isa = PBXBuildFile; fileRef = 8A4877A826C69E7E00673989 /* AppDelegate.swift */; };
		8A4877AB26C69E7E00673989 /* ContentView.swift in Sources */ = {isa = PBXBuildFile; fileRef = 8A4877AA26C69E7E00673989 /* ContentView.swift */; };
		8A4877AD26C69E8200673989 /* Assets.xcassets in Resources */ = {isa = PBXBuildFile; fileRef = 8A4877AC26C69E8200673989 /* Assets.xcassets */; };
		8A4877B026C69E8200673989 /* Preview Assets.xcassets in Resources */ = {isa = PBXBuildFile; fileRef = 8A4877AF26C69E8200673989 /* Preview Assets.xcassets */; };
		8A4877B326C69E8200673989 /* Main.storyboard in Resources */ = {isa = PBXBuildFile; fileRef = 8A4877B126C69E8200673989 /* Main.storyboard */; };
		8A4877BF26C6A27000673989 /* StatusBarController.swift in Sources */ = {isa = PBXBuildFile; fileRef = 8A4877BC26C6A27000673989 /* StatusBarController.swift */; };
		8A4877C026C6A27000673989 /* EventMonitor.swift in Sources */ = {isa = PBXBuildFile; fileRef = 8A4877BD26C6A27000673989 /* EventMonitor.swift */; };
		8A4877C126C6A27000673989 /* MainViewController.swift in Sources */ = {isa = PBXBuildFile; fileRef = 8A4877BE26C6A27000673989 /* MainViewController.swift */; };
		8A4877C426C6A9A300673989 /* SwiftDate in Frameworks */ = {isa = PBXBuildFile; productRef = 8A4877C326C6A9A300673989 /* SwiftDate */; };
		8A4877C726C6A9D500673989 /* Location.swift in Sources */ = {isa = PBXBuildFile; fileRef = 8A4877C626C6A9D500673989 /* Location.swift */; };
		8A4877C926C6A9E200673989 /* Location+DateHandling.swift in Sources */ = {isa = PBXBuildFile; fileRef = 8A4877C826C6A9E200673989 /* Location+DateHandling.swift */; };
		8A4877CB26C6AAD300673989 /* DateFormat.swift in Sources */ = {isa = PBXBuildFile; fileRef = 8A4877CA26C6AAD300673989 /* DateFormat.swift */; };
/* End PBXBuildFile section */

/* Begin PBXFileReference section */
		8A4877A526C69E7E00673989 /* MissMinutes.app */ = {isa = PBXFileReference; explicitFileType = wrapper.application; includeInIndex = 0; path = MissMinutes.app; sourceTree = BUILT_PRODUCTS_DIR; };
		8A4877A826C69E7E00673989 /* AppDelegate.swift */ = {isa = PBXFileReference; lastKnownFileType = sourcecode.swift; path = AppDelegate.swift; sourceTree = "<group>"; };
		8A4877AA26C69E7E00673989 /* ContentView.swift */ = {isa = PBXFileReference; lastKnownFileType = sourcecode.swift; path = ContentView.swift; sourceTree = "<group>"; };
		8A4877AC26C69E8200673989 /* Assets.xcassets */ = {isa = PBXFileReference; lastKnownFileType = folder.assetcatalog; path = Assets.xcassets; sourceTree = "<group>"; };
		8A4877AF26C69E8200673989 /* Preview Assets.xcassets */ = {isa = PBXFileReference; lastKnownFileType = folder.assetcatalog; path = "Preview Assets.xcassets"; sourceTree = "<group>"; };
		8A4877B226C69E8200673989 /* Base */ = {isa = PBXFileReference; lastKnownFileType = file.storyboard; name = Base; path = Base.lproj/Main.storyboard; sourceTree = "<group>"; };
		8A4877B426C69E8200673989 /* Info.plist */ = {isa = PBXFileReference; lastKnownFileType = text.plist.xml; path = Info.plist; sourceTree = "<group>"; };
		8A4877B526C69E8200673989 /* MissMinutes.entitlements */ = {isa = PBXFileReference; lastKnownFileType = text.plist.entitlements; path = MissMinutes.entitlements; sourceTree = "<group>"; };
		8A4877BC26C6A27000673989 /* StatusBarController.swift */ = {isa = PBXFileReference; fileEncoding = 4; lastKnownFileType = sourcecode.swift; path = StatusBarController.swift; sourceTree = "<group>"; };
		8A4877BD26C6A27000673989 /* EventMonitor.swift */ = {isa = PBXFileReference; fileEncoding = 4; lastKnownFileType = sourcecode.swift; path = EventMonitor.swift; sourceTree = "<group>"; };
		8A4877BE26C6A27000673989 /* MainViewController.swift */ = {isa = PBXFileReference; fileEncoding = 4; lastKnownFileType = sourcecode.swift; path = MainViewController.swift; sourceTree = "<group>"; };
		8A4877C626C6A9D500673989 /* Location.swift */ = {isa = PBXFileReference; lastKnownFileType = sourcecode.swift; path = Location.swift; sourceTree = "<group>"; };
		8A4877C826C6A9E200673989 /* Location+DateHandling.swift */ = {isa = PBXFileReference; lastKnownFileType = sourcecode.swift; path = "Location+DateHandling.swift"; sourceTree = "<group>"; };
		8A4877CA26C6AAD300673989 /* DateFormat.swift */ = {isa = PBXFileReference; lastKnownFileType = sourcecode.swift; path = DateFormat.swift; sourceTree = "<group>"; };
/* End PBXFileReference section */

/* Begin PBXFrameworksBuildPhase section */
		8A4877A226C69E7E00673989 /* Frameworks */ = {
			isa = PBXFrameworksBuildPhase;
			buildActionMask = 2147483647;
			files = (
				8A4877C426C6A9A300673989 /* SwiftDate in Frameworks */,
			);
			runOnlyForDeploymentPostprocessing = 0;
		};
/* End PBXFrameworksBuildPhase section */

/* Begin PBXGroup section */
		8A48779C26C69E7E00673989 = {
			isa = PBXGroup;
			children = (
				8A4877A726C69E7E00673989 /* MissMinutes */,
				8A4877A626C69E7E00673989 /* Products */,
			);
			sourceTree = "<group>";
		};
		8A4877A626C69E7E00673989 /* Products */ = {
			isa = PBXGroup;
			children = (
				8A4877A526C69E7E00673989 /* MissMinutes.app */,
			);
			name = Products;
			sourceTree = "<group>";
		};
		8A4877A726C69E7E00673989 /* MissMinutes */ = {
			isa = PBXGroup;
			children = (
				8A4877C526C6A9BB00673989 /* Model */,
				8A4877BB26C6A23300673989 /* Menubar */,
				8A4877A826C69E7E00673989 /* AppDelegate.swift */,
				8A4877AA26C69E7E00673989 /* ContentView.swift */,
				8A4877AC26C69E8200673989 /* Assets.xcassets */,
				8A4877B126C69E8200673989 /* Main.storyboard */,
				8A4877B426C69E8200673989 /* Info.plist */,
				8A4877B526C69E8200673989 /* MissMinutes.entitlements */,
				8A4877AE26C69E8200673989 /* Preview Content */,
			);
			path = MissMinutes;
			sourceTree = "<group>";
		};
		8A4877AE26C69E8200673989 /* Preview Content */ = {
			isa = PBXGroup;
			children = (
				8A4877AF26C69E8200673989 /* Preview Assets.xcassets */,
			);
			path = "Preview Content";
			sourceTree = "<group>";
		};
		8A4877BB26C6A23300673989 /* Menubar */ = {
			isa = PBXGroup;
			children = (
				8A4877BD26C6A27000673989 /* EventMonitor.swift */,
				8A4877BE26C6A27000673989 /* MainViewController.swift */,
				8A4877BC26C6A27000673989 /* StatusBarController.swift */,
			);
			path = Menubar;
			sourceTree = "<group>";
		};
		8A4877C526C6A9BB00673989 /* Model */ = {
			isa = PBXGroup;
			children = (
				8A4877C626C6A9D500673989 /* Location.swift */,
				8A4877C826C6A9E200673989 /* Location+DateHandling.swift */,
				8A4877CA26C6AAD300673989 /* DateFormat.swift */,
			);
			path = Model;
			sourceTree = "<group>";
		};
/* End PBXGroup section */

/* Begin PBXNativeTarget section */
		8A4877A426C69E7E00673989 /* MissMinutes */ = {
			isa = PBXNativeTarget;
			buildConfigurationList = 8A4877B826C69E8200673989 /* Build configuration list for PBXNativeTarget "MissMinutes" */;
			buildPhases = (
				8A4877A126C69E7E00673989 /* Sources */,
				8A4877A226C69E7E00673989 /* Frameworks */,
				8A4877A326C69E7E00673989 /* Resources */,
			);
			buildRules = (
			);
			dependencies = (
			);
			name = MissMinutes;
			packageProductDependencies = (
				8A4877C326C6A9A300673989 /* SwiftDate */,
			);
			productName = MissMinutes;
			productReference = 8A4877A526C69E7E00673989 /* MissMinutes.app */;
			productType = "com.apple.product-type.application";
		};
/* End PBXNativeTarget section */

/* Begin PBXProject section */
		8A48779D26C69E7E00673989 /* Project object */ = {
			isa = PBXProject;
			attributes = {
				LastSwiftUpdateCheck = 1250;
				LastUpgradeCheck = 1250;
				TargetAttributes = {
					8A4877A426C69E7E00673989 = {
						CreatedOnToolsVersion = 12.5.1;
					};
				};
			};
			buildConfigurationList = 8A4877A026C69E7E00673989 /* Build configuration list for PBXProject "MissMinutes" */;
			compatibilityVersion = "Xcode 9.3";
			developmentRegion = en;
			hasScannedForEncodings = 0;
			knownRegions = (
				en,
				Base,
			);
			mainGroup = 8A48779C26C69E7E00673989;
			packageReferences = (
				8A4877C226C6A9A300673989 /* XCRemoteSwiftPackageReference "SwiftDate" */,
			);
			productRefGroup = 8A4877A626C69E7E00673989 /* Products */;
			projectDirPath = "";
			projectRoot = "";
			targets = (
				8A4877A426C69E7E00673989 /* MissMinutes */,
			);
		};
/* End PBXProject section */

/* Begin PBXResourcesBuildPhase section */
		8A4877A326C69E7E00673989 /* Resources */ = {
			isa = PBXResourcesBuildPhase;
			buildActionMask = 2147483647;
			files = (
				8A4877B326C69E8200673989 /* Main.storyboard in Resources */,
				8A4877B026C69E8200673989 /* Preview Assets.xcassets in Resources */,
				8A4877AD26C69E8200673989 /* Assets.xcassets in Resources */,
			);
			runOnlyForDeploymentPostprocessing = 0;
		};
/* End PBXResourcesBuildPhase section */

/* Begin PBXSourcesBuildPhase section */
		8A4877A126C69E7E00673989 /* Sources */ = {
			isa = PBXSourcesBuildPhase;
			buildActionMask = 2147483647;
			files = (
				8A4877AB26C69E7E00673989 /* ContentView.swift in Sources */,
				8A4877BF26C6A27000673989 /* StatusBarController.swift in Sources */,
				8A4877CB26C6AAD300673989 /* DateFormat.swift in Sources */,
				8A4877A926C69E7E00673989 /* AppDelegate.swift in Sources */,
				8A4877C026C6A27000673989 /* EventMonitor.swift in Sources */,
				8A4877C726C6A9D500673989 /* Location.swift in Sources */,
				8A4877C126C6A27000673989 /* MainViewController.swift in Sources */,
				8A4877C926C6A9E200673989 /* Location+DateHandling.swift in Sources */,
			);
			runOnlyForDeploymentPostprocessing = 0;
		};
/* End PBXSourcesBuildPhase section */

/* Begin PBXVariantGroup section */
		8A4877B126C69E8200673989 /* Main.storyboard */ = {
			isa = PBXVariantGroup;
			children = (
				8A4877B226C69E8200673989 /* Base */,
			);
			name = Main.storyboard;
			sourceTree = "<group>";
		};
/* End PBXVariantGroup section */

/* Begin XCBuildConfiguration section */
		8A4877B626C69E8200673989 /* Debug */ = {
			isa = XCBuildConfiguration;
			buildSettings = {
				ALWAYS_SEARCH_USER_PATHS = NO;
				CLANG_ANALYZER_NONNULL = YES;
				CLANG_ANALYZER_NUMBER_OBJECT_CONVERSION = YES_AGGRESSIVE;
				CLANG_CXX_LANGUAGE_STANDARD = "gnu++14";
				CLANG_CXX_LIBRARY = "libc++";
				CLANG_ENABLE_MODULES = YES;
				CLANG_ENABLE_OBJC_ARC = YES;
				CLANG_ENABLE_OBJC_WEAK = YES;
				CLANG_WARN_BLOCK_CAPTURE_AUTORELEASING = YES;
				CLANG_WARN_BOOL_CONVERSION = YES;
				CLANG_WARN_COMMA = YES;
				CLANG_WARN_CONSTANT_CONVERSION = YES;
				CLANG_WARN_DEPRECATED_OBJC_IMPLEMENTATIONS = YES;
				CLANG_WARN_DIRECT_OBJC_ISA_USAGE = YES_ERROR;
				CLANG_WARN_DOCUMENTATION_COMMENTS = YES;
				CLANG_WARN_EMPTY_BODY = YES;
				CLANG_WARN_ENUM_CONVERSION = YES;
				CLANG_WARN_INFINITE_RECURSION = YES;
				CLANG_WARN_INT_CONVERSION = YES;
				CLANG_WARN_NON_LITERAL_NULL_CONVERSION = YES;
				CLANG_WARN_OBJC_IMPLICIT_RETAIN_SELF = YES;
				CLANG_WARN_OBJC_LITERAL_CONVERSION = YES;
				CLANG_WARN_OBJC_ROOT_CLASS = YES_ERROR;
				CLANG_WARN_QUOTED_INCLUDE_IN_FRAMEWORK_HEADER = YES;
				CLANG_WARN_RANGE_LOOP_ANALYSIS = YES;
				CLANG_WARN_STRICT_PROTOTYPES = YES;
				CLANG_WARN_SUSPICIOUS_MOVE = YES;
				CLANG_WARN_UNGUARDED_AVAILABILITY = YES_AGGRESSIVE;
				CLANG_WARN_UNREACHABLE_CODE = YES;
				CLANG_WARN__DUPLICATE_METHOD_MATCH = YES;
				COPY_PHASE_STRIP = NO;
				DEBUG_INFORMATION_FORMAT = dwarf;
				ENABLE_STRICT_OBJC_MSGSEND = YES;
				ENABLE_TESTABILITY = YES;
				GCC_C_LANGUAGE_STANDARD = gnu11;
				GCC_DYNAMIC_NO_PIC = NO;
				GCC_NO_COMMON_BLOCKS = YES;
				GCC_OPTIMIZATION_LEVEL = 0;
				GCC_PREPROCESSOR_DEFINITIONS = (
					"DEBUG=1",
					"$(inherited)",
				);
				GCC_WARN_64_TO_32_BIT_CONVERSION = YES;
				GCC_WARN_ABOUT_RETURN_TYPE = YES_ERROR;
				GCC_WARN_UNDECLARED_SELECTOR = YES;
				GCC_WARN_UNINITIALIZED_AUTOS = YES_AGGRESSIVE;
				GCC_WARN_UNUSED_FUNCTION = YES;
				GCC_WARN_UNUSED_VARIABLE = YES;
				MACOSX_DEPLOYMENT_TARGET = 11.3;
				MTL_ENABLE_DEBUG_INFO = INCLUDE_SOURCE;
				MTL_FAST_MATH = YES;
				ONLY_ACTIVE_ARCH = YES;
				SDKROOT = macosx;
				SWIFT_ACTIVE_COMPILATION_CONDITIONS = DEBUG;
				SWIFT_OPTIMIZATION_LEVEL = "-Onone";
			};
			name = Debug;
		};
		8A4877B726C69E8200673989 /* Release */ = {
			isa = XCBuildConfiguration;
			buildSettings = {
				ALWAYS_SEARCH_USER_PATHS = NO;
				CLANG_ANALYZER_NONNULL = YES;
				CLANG_ANALYZER_NUMBER_OBJECT_CONVERSION = YES_AGGRESSIVE;
				CLANG_CXX_LANGUAGE_STANDARD = "gnu++14";
				CLANG_CXX_LIBRARY = "libc++";
				CLANG_ENABLE_MODULES = YES;
				CLANG_ENABLE_OBJC_ARC = YES;
				CLANG_ENABLE_OBJC_WEAK = YES;
				CLANG_WARN_BLOCK_CAPTURE_AUTORELEASING = YES;
				CLANG_WARN_BOOL_CONVERSION = YES;
				CLANG_WARN_COMMA = YES;
				CLANG_WARN_CONSTANT_CONVERSION = YES;
				CLANG_WARN_DEPRECATED_OBJC_IMPLEMENTATIONS = YES;
				CLANG_WARN_DIRECT_OBJC_ISA_USAGE = YES_ERROR;
				CLANG_WARN_DOCUMENTATION_COMMENTS = YES;
				CLANG_WARN_EMPTY_BODY = YES;
				CLANG_WARN_ENUM_CONVERSION = YES;
				CLANG_WARN_INFINITE_RECURSION = YES;
				CLANG_WARN_INT_CONVERSION = YES;
				CLANG_WARN_NON_LITERAL_NULL_CONVERSION = YES;
				CLANG_WARN_OBJC_IMPLICIT_RETAIN_SELF = YES;
				CLANG_WARN_OBJC_LITERAL_CONVERSION = YES;
				CLANG_WARN_OBJC_ROOT_CLASS = YES_ERROR;
				CLANG_WARN_QUOTED_INCLUDE_IN_FRAMEWORK_HEADER = YES;
				CLANG_WARN_RANGE_LOOP_ANALYSIS = YES;
				CLANG_WARN_STRICT_PROTOTYPES = YES;
				CLANG_WARN_SUSPICIOUS_MOVE = YES;
				CLANG_WARN_UNGUARDED_AVAILABILITY = YES_AGGRESSIVE;
				CLANG_WARN_UNREACHABLE_CODE = YES;
				CLANG_WARN__DUPLICATE_METHOD_MATCH = YES;
				COPY_PHASE_STRIP = NO;
				DEBUG_INFORMATION_FORMAT = "dwarf-with-dsym";
				ENABLE_NS_ASSERTIONS = NO;
				ENABLE_STRICT_OBJC_MSGSEND = YES;
				GCC_C_LANGUAGE_STANDARD = gnu11;
				GCC_NO_COMMON_BLOCKS = YES;
				GCC_WARN_64_TO_32_BIT_CONVERSION = YES;
				GCC_WARN_ABOUT_RETURN_TYPE = YES_ERROR;
				GCC_WARN_UNDECLARED_SELECTOR = YES;
				GCC_WARN_UNINITIALIZED_AUTOS = YES_AGGRESSIVE;
				GCC_WARN_UNUSED_FUNCTION = YES;
				GCC_WARN_UNUSED_VARIABLE = YES;
				MACOSX_DEPLOYMENT_TARGET = 11.3;
				MTL_ENABLE_DEBUG_INFO = NO;
				MTL_FAST_MATH = YES;
				SDKROOT = macosx;
				SWIFT_COMPILATION_MODE = wholemodule;
				SWIFT_OPTIMIZATION_LEVEL = "-O";
			};
			name = Release;
		};
		8A4877B926C69E8200673989 /* Debug */ = {
			isa = XCBuildConfiguration;
			buildSettings = {
				ASSETCATALOG_COMPILER_APPICON_NAME = AppIcon;
				ASSETCATALOG_COMPILER_GLOBAL_ACCENT_COLOR_NAME = AccentColor;
				CODE_SIGN_ENTITLEMENTS = MissMinutes/MissMinutes.entitlements;
				CODE_SIGN_STYLE = Automatic;
				COMBINE_HIDPI_IMAGES = YES;
				DEVELOPMENT_ASSET_PATHS = "\"MissMinutes/Preview Content\"";
				ENABLE_PREVIEWS = YES;
				INFOPLIST_FILE = MissMinutes/Info.plist;
				LD_RUNPATH_SEARCH_PATHS = (
					"$(inherited)",
					"@executable_path/../Frameworks",
				);
				MACOSX_DEPLOYMENT_TARGET = 10.15;
				PRODUCT_BUNDLE_IDENTIFIER = us.eidinger.MissMinutes;
				PRODUCT_NAME = "$(TARGET_NAME)";
				SWIFT_VERSION = 5.0;
			};
			name = Debug;
		};
		8A4877BA26C69E8200673989 /* Release */ = {
			isa = XCBuildConfiguration;
			buildSettings = {
				ASSETCATALOG_COMPILER_APPICON_NAME = AppIcon;
				ASSETCATALOG_COMPILER_GLOBAL_ACCENT_COLOR_NAME = AccentColor;
				CODE_SIGN_ENTITLEMENTS = MissMinutes/MissMinutes.entitlements;
				CODE_SIGN_STYLE = Automatic;
				COMBINE_HIDPI_IMAGES = YES;
				DEVELOPMENT_ASSET_PATHS = "\"MissMinutes/Preview Content\"";
				ENABLE_PREVIEWS = YES;
				INFOPLIST_FILE = MissMinutes/Info.plist;
				LD_RUNPATH_SEARCH_PATHS = (
					"$(inherited)",
					"@executable_path/../Frameworks",
				);
				MACOSX_DEPLOYMENT_TARGET = 10.15;
				PRODUCT_BUNDLE_IDENTIFIER = us.eidinger.MissMinutes;
				PRODUCT_NAME = "$(TARGET_NAME)";
				SWIFT_VERSION = 5.0;
			};
			name = Release;
		};
/* End XCBuildConfiguration section */

/* Begin XCConfigurationList section */
		8A4877A026C69E7E00673989 /* Build configuration list for PBXProject "MissMinutes" */ = {
			isa = XCConfigurationList;
			buildConfigurations = (
				8A4877B626C69E8200673989 /* Debug */,
				8A4877B726C69E8200673989 /* Release */,
			);
			defaultConfigurationIsVisible = 0;
			defaultConfigurationName = Release;
		};
		8A4877B826C69E8200673989 /* Build configuration list for PBXNativeTarget "MissMinutes" */ = {
			isa = XCConfigurationList;
			buildConfigurations = (
				8A4877B926C69E8200673989 /* Debug */,
				8A4877BA26C69E8200673989 /* Release */,
			);
			defaultConfigurationIsVisible = 0;
			defaultConfigurationName = Release;
		};
/* End XCConfigurationList section */

/* Begin XCRemoteSwiftPackageReference section */
		8A4877C226C6A9A300673989 /* XCRemoteSwiftPackageReference "SwiftDate" */ = {
			isa = XCRemoteSwiftPackageReference;
			repositoryURL = "https://github.com/malcommac/SwiftDate";
			requirement = {
				kind = upToNextMajorVersion;
				minimumVersion = 6.3.1;
			};
		};
/* End XCRemoteSwiftPackageReference section */

/* Begin XCSwiftPackageProductDependency section */
		8A4877C326C6A9A300673989 /* SwiftDate */ = {
			isa = XCSwiftPackageProductDependency;
			package = 8A4877C226C6A9A300673989 /* XCRemoteSwiftPackageReference "SwiftDate" */;
			productName = SwiftDate;
		};
/* End XCSwiftPackageProductDependency section */
	};
	rootObject = 8A48779D26C69E7E00673989 /* Project object */;
}
